
Microsoft Visual Studio Solution File, Format Version 12.00
# Visual Studio Version 16
VisualStudioVersion = 16.0.37301.9
MinimumVisualStudioVersion = 10.0.40219.1
Project("{FAE04EC0-301F-11D3-BF4B-00C04F79EFBC}") = "ProjectManager", "ProjectManager\ProjectManager.csproj", "{EE447167-A967-4051-B89E-3813991A989B}"
EndProject
Global
	GlobalSection(SolutionConfigurationPlatforms) = preSolution
		Debug|Any CPU = Debug|Any CPU
		Debug|x64 = Debug|x64
		Release|Any CPU = Release|Any CPU
		Release|x64 = Release|x64
	EndGlobalSection
	GlobalSection(ProjectConfigurationPlatforms) = postSolution
		{EE447167-A967-4051-B89E-3813991A989B}.Debug|Any CPU.ActiveCfg = Debug|x64
		{EE447167-A967-4051-B89E-3813991A989B}.Debug|Any CPU.Build.0 = Debug|x64
		{EE447167-A967-4051-B89E-3813991A989B}.Debug|x64.ActiveCfg = Debug|x64
		{EE447167-A967-4051-B89E-3813991A989B}.Debug|x64.Build.0 = Debug|x64
		{EE447167-A967-4051-B89E-3813991A989B}.Release|Any CPU.ActiveCfg = Release|Any CPU
		{EE447167-A967-4051-B89E-3813991A989B}.Release|Any CPU.Build.0 = Release|Any CPU
		{EE447167-A967-4051-B89E-3813991A989B}.Release|x64.ActiveCfg = Release|x64
		{EE447167-A967-4051-B89E-3813991A989B}.Release|x64.Build.0 = Release|x64
	EndGlobalSection
	GlobalSection(SolutionProperties) = preSolution
		HideSolutionNode = FALSE
	EndGlobalSection
	GlobalSection(ExtensibilityGlobals) = postSolution
		SolutionGuid = {63EF739B-2B3E-4BCC-A649-A110B07DCB8A}
	EndGlobalSection
EndGlobal
