
Microsoft Visual Studio Solution File, Format Version 12.00
# Visual Studio Version 16
VisualStudioVersion = 16.0.36227.6
MinimumVisualStudioVersion = 10.0.40219.1
Project("{FAE04EC0-301F-11D3-BF4B-00C04F79EFBC}") = "ProjectManager", "ProjectManager\ProjectManager.csproj", "{5BF99E3E-EC19-4775-A342-36589B31C4A7}"
EndProject
Global
	GlobalSection(SolutionConfigurationPlatforms) = preSolution
		Debug|Any CPU = Debug|Any CPU
		Release|Any CPU = Release|Any CPU
	EndGlobalSection
	GlobalSection(ProjectConfigurationPlatforms) = postSolution
		{5BF99E3E-EC19-4775-A342-36589B31C4A7}.Debug|Any CPU.ActiveCfg = Debug|Any CPU
		{5BF99E3E-EC19-4775-A342-36589B31C4A7}.Debug|Any CPU.Build.0 = Debug|Any CPU
		{5BF99E3E-EC19-4775-A342-36589B31C4A7}.Release|Any CPU.ActiveCfg = Release|Any CPU
		{5BF99E3E-EC19-4775-A342-36589B31C4A7}.Release|Any CPU.Build.0 = Release|Any CPU
	EndGlobalSection
	GlobalSection(SolutionProperties) = preSolution
		HideSolutionNode = FALSE
	EndGlobalSection
	GlobalSection(ExtensibilityGlobals) = postSolution
		SolutionGuid = {3E4D7CD0-6109-4FD7-BB16-C91566DC388B}
	EndGlobalSection
EndGlobal
